
Microsoft Visual Studio Solution File, Format Version 12.00
# Visual Studio Version 17
VisualStudioVersion = 17.0.31903.59
MinimumVisualStudioVersion = 10.0.40219.1
Project("{2150E333-8FDC-42A3-9474-1A3956D46DE8}") = "src", "src", "{827E0CD3-B72D-47B6-A68D-7590B98EB39B}"
EndProject
Project("{FAE04EC0-301F-11D3-BF4B-00C04F79EFBC}") = "LearningPlatform.Domain", "src\LearningPlatform.Domain\LearningPlatform.Domain.csproj", "{DE1E46DF-2501-4EE7-AA1B-18D390B5B452}"
EndProject
Project("{FAE04EC0-301F-11D3-BF4B-00C04F79EFBC}") = "LearningPlatform.Shared", "src\LearningPlatform.Shared\LearningPlatform.Shared.csproj", "{5CD55195-D28C-481E-A7F4-1B8F051AAA0D}"
EndProject
Project("{FAE04EC0-301F-11D3-BF4B-00C04F79EFBC}") = "LearningPlatform.Application", "src\LearningPlatform.Application\LearningPlatform.Application.csproj", "{EBFD2C82-FB1F-4E25-BCEE-7919129B2B49}"
EndProject
Project("{FAE04EC0-301F-11D3-BF4B-00C04F79EFBC}") = "LearningPlatform.Persistence", "src\LearningPlatform.Persistence\LearningPlatform.Persistence.csproj", "{757DC3D8-0A71-41EC-8693-78A5F73F8D5C}"
EndProject
Project("{FAE04EC0-301F-11D3-BF4B-00C04F79EFBC}") = "LearningPlatform.Infrastructure", "src\LearningPlatform.Infrastructure\LearningPlatform.Infrastructure.csproj", "{FFCE7D14-B5B9-4A7A-98E4-BBDB8321F37A}"
EndProject
Project("{FAE04EC0-301F-11D3-BF4B-00C04F79EFBC}") = "LearningPlatform.API", "src\LearningPlatform.API\LearningPlatform.API.csproj", "{21602D3A-C8CC-486E-BD92-25F68B4B5816}"
EndProject
Project("{FAE04EC0-301F-11D3-BF4B-00C04F79EFBC}") = "LearningPlatform.UnitTests", "tests\LearningPlatform.UnitTests\LearningPlatform.UnitTests.csproj", "{9062AD90-253D-45EB-A28D-4307179063FB}"
EndProject
Project("{FAE04EC0-301F-11D3-BF4B-00C04F79EFBC}") = "LearningPlatform.IntegrationTests", "tests\LearningPlatform.IntegrationTests\LearningPlatform.IntegrationTests.csproj", "{280291B1-01B1-4C70-9DB0-A8AB0EB5E967}"
EndProject
Global
	GlobalSection(SolutionConfigurationPlatforms) = preSolution
		Debug|Any CPU = Debug|Any CPU
		Debug|x64 = Debug|x64
		Debug|x86 = Debug|x86
		Release|Any CPU = Release|Any CPU
		Release|x64 = Release|x64
		Release|x86 = Release|x86
	EndGlobalSection
	GlobalSection(ProjectConfigurationPlatforms) = postSolution
		{DE1E46DF-2501-4EE7-AA1B-18D390B5B452}.Debug|Any CPU.ActiveCfg = Debug|Any CPU
		{DE1E46DF-2501-4EE7-AA1B-18D390B5B452}.Debug|Any CPU.Build.0 = Debug|Any CPU
		{DE1E46DF-2501-4EE7-AA1B-18D390B5B452}.Debug|x64.ActiveCfg = Debug|Any CPU
		{DE1E46DF-2501-4EE7-AA1B-18D390B5B452}.Debug|x64.Build.0 = Debug|Any CPU
		{DE1E46DF-2501-4EE7-AA1B-18D390B5B452}.Debug|x86.ActiveCfg = Debug|Any CPU
		{DE1E46DF-2501-4EE7-AA1B-18D390B5B452}.Debug|x86.Build.0 = Debug|Any CPU
		{DE1E46DF-2501-4EE7-AA1B-18D390B5B452}.Release|Any CPU.ActiveCfg = Release|Any CPU
		{DE1E46DF-2501-4EE7-AA1B-18D390B5B452}.Release|Any CPU.Build.0 = Release|Any CPU
		{DE1E46DF-2501-4EE7-AA1B-18D390B5B452}.Release|x64.ActiveCfg = Release|Any CPU
		{DE1E46DF-2501-4EE7-AA1B-18D390B5B452}.Release|x64.Build.0 = Release|Any CPU
		{DE1E46DF-2501-4EE7-AA1B-18D390B5B452}.Release|x86.ActiveCfg = Release|Any CPU
		{DE1E46DF-2501-4EE7-AA1B-18D390B5B452}.Release|x86.Build.0 = Release|Any CPU
		{5CD55195-D28C-481E-A7F4-1B8F051AAA0D}.Debug|Any CPU.ActiveCfg = Debug|Any CPU
		{5CD55195-D28C-481E-A7F4-1B8F051AAA0D}.Debug|Any CPU.Build.0 = Debug|Any CPU
		{5CD55195-D28C-481E-A7F4-1B8F051AAA0D}.Debug|x64.ActiveCfg = Debug|Any CPU
		{5CD55195-D28C-481E-A7F4-1B8F051AAA0D}.Debug|x64.Build.0 = Debug|Any CPU
		{5CD55195-D28C-481E-A7F4-1B8F051AAA0D}.Debug|x86.ActiveCfg = Debug|Any CPU
		{5CD55195-D28C-481E-A7F4-1B8F051AAA0D}.Debug|x86.Build.0 = Debug|Any CPU
		{5CD55195-D28C-481E-A7F4-1B8F051AAA0D}.Release|Any CPU.ActiveCfg = Release|Any CPU
		{5CD55195-D28C-481E-A7F4-1B8F051AAA0D}.Release|Any CPU.Build.0 = Release|Any CPU
		{5CD55195-D28C-481E-A7F4-1B8F051AAA0D}.Release|x64.ActiveCfg = Release|Any CPU
		{5CD55195-D28C-481E-A7F4-1B8F051AAA0D}.Release|x64.Build.0 = Release|Any CPU
		{5CD55195-D28C-481E-A7F4-1B8F051AAA0D}.Release|x86.ActiveCfg = Release|Any CPU
		{5CD55195-D28C-481E-A7F4-1B8F051AAA0D}.Release|x86.Build.0 = Release|Any CPU
		{EBFD2C82-FB1F-4E25-BCEE-7919129B2B49}.Debug|Any CPU.ActiveCfg = Debug|Any CPU
		{EBFD2C82-FB1F-4E25-BCEE-7919129B2B49}.Debug|Any CPU.Build.0 = Debug|Any CPU
		{EBFD2C82-FB1F-4E25-BCEE-7919129B2B49}.Debug|x64.ActiveCfg = Debug|Any CPU
		{EBFD2C82-FB1F-4E25-BCEE-7919129B2B49}.Debug|x64.Build.0 = Debug|Any CPU
		{EBFD2C82-FB1F-4E25-BCEE-7919129B2B49}.Debug|x86.ActiveCfg = Debug|Any CPU
		{EBFD2C82-FB1F-4E25-BCEE-7919129B2B49}.Debug|x86.Build.0 = Debug|Any CPU
		{EBFD2C82-FB1F-4E25-BCEE-7919129B2B49}.Release|Any CPU.ActiveCfg = Release|Any CPU
		{EBFD2C82-FB1F-4E25-BCEE-7919129B2B49}.Release|Any CPU.Build.0 = Release|Any CPU
		{EBFD2C82-FB1F-4E25-BCEE-7919129B2B49}.Release|x64.ActiveCfg = Release|Any CPU
		{EBFD2C82-FB1F-4E25-BCEE-7919129B2B49}.Release|x64.Build.0 = Release|Any CPU
		{EBFD2C82-FB1F-4E25-BCEE-7919129B2B49}.Release|x86.ActiveCfg = Release|Any CPU
		{EBFD2C82-FB1F-4E25-BCEE-7919129B2B49}.Release|x86.Build.0 = Release|Any CPU
		{757DC3D8-0A71-41EC-8693-78A5F73F8D5C}.Debug|Any CPU.ActiveCfg = Debug|Any CPU
		{757DC3D8-0A71-41EC-8693-78A5F73F8D5C}.Debug|Any CPU.Build.0 = Debug|Any CPU
		{757DC3D8-0A71-41EC-8693-78A5F73F8D5C}.Debug|x64.ActiveCfg = Debug|Any CPU
		{757DC3D8-0A71-41EC-8693-78A5F73F8D5C}.Debug|x64.Build.0 = Debug|Any CPU
		{757DC3D8-0A71-41EC-8693-78A5F73F8D5C}.Debug|x86.ActiveCfg = Debug|Any CPU
		{757DC3D8-0A71-41EC-8693-78A5F73F8D5C}.Debug|x86.Build.0 = Debug|Any CPU
		{757DC3D8-0A71-41EC-8693-78A5F73F8D5C}.Release|Any CPU.ActiveCfg = Release|Any CPU
		{757DC3D8-0A71-41EC-8693-78A5F73F8D5C}.Release|Any CPU.Build.0 = Release|Any CPU
		{757DC3D8-0A71-41EC-8693-78A5F73F8D5C}.Release|x64.ActiveCfg = Release|Any CPU
		{757DC3D8-0A71-41EC-8693-78A5F73F8D5C}.Release|x64.Build.0 = Release|Any CPU
		{757DC3D8-0A71-41EC-8693-78A5F73F8D5C}.Release|x86.ActiveCfg = Release|Any CPU
		{757DC3D8-0A71-41EC-8693-78A5F73F8D5C}.Release|x86.Build.0 = Release|Any CPU
		{FFCE7D14-B5B9-4A7A-98E4-BBDB8321F37A}.Debug|Any CPU.ActiveCfg = Debug|Any CPU
		{FFCE7D14-B5B9-4A7A-98E4-BBDB8321F37A}.Debug|Any CPU.Build.0 = Debug|Any CPU
		{FFCE7D14-B5B9-4A7A-98E4-BBDB8321F37A}.Debug|x64.ActiveCfg = Debug|Any CPU
		{FFCE7D14-B5B9-4A7A-98E4-BBDB8321F37A}.Debug|x64.Build.0 = Debug|Any CPU
		{FFCE7D14-B5B9-4A7A-98E4-BBDB8321F37A}.Debug|x86.ActiveCfg = Debug|Any CPU
		{FFCE7D14-B5B9-4A7A-98E4-BBDB8321F37A}.Debug|x86.Build.0 = Debug|Any CPU
		{FFCE7D14-B5B9-4A7A-98E4-BBDB8321F37A}.Release|Any CPU.ActiveCfg = Release|Any CPU
		{FFCE7D14-B5B9-4A7A-98E4-BBDB8321F37A}.Release|Any CPU.Build.0 = Release|Any CPU
		{FFCE7D14-B5B9-4A7A-98E4-BBDB8321F37A}.Release|x64.ActiveCfg = Release|Any CPU
		{FFCE7D14-B5B9-4A7A-98E4-BBDB8321F37A}.Release|x64.Build.0 = Release|Any CPU
		{FFCE7D14-B5B9-4A7A-98E4-BBDB8321F37A}.Release|x86.ActiveCfg = Release|Any CPU
		{FFCE7D14-B5B9-4A7A-98E4-BBDB8321F37A}.Release|x86.Build.0 = Release|Any CPU
		{21602D3A-C8CC-486E-BD92-25F68B4B5816}.Debug|Any CPU.ActiveCfg = Debug|Any CPU
		{21602D3A-C8CC-486E-BD92-25F68B4B5816}.Debug|Any CPU.Build.0 = Debug|Any CPU
		{21602D3A-C8CC-486E-BD92-25F68B4B5816}.Debug|x64.ActiveCfg = Debug|Any CPU
		{21602D3A-C8CC-486E-BD92-25F68B4B5816}.Debug|x64.Build.0 = Debug|Any CPU
		{21602D3A-C8CC-486E-BD92-25F68B4B5816}.Debug|x86.ActiveCfg = Debug|Any CPU
		{21602D3A-C8CC-486E-BD92-25F68B4B5816}.Debug|x86.Build.0 = Debug|Any CPU
		{21602D3A-C8CC-486E-BD92-25F68B4B5816}.Release|Any CPU.ActiveCfg = Release|Any CPU
		{21602D3A-C8CC-486E-BD92-25F68B4B5816}.Release|Any CPU.Build.0 = Release|Any CPU
		{21602D3A-C8CC-486E-BD92-25F68B4B5816}.Release|x64.ActiveCfg = Release|Any CPU
		{21602D3A-C8CC-486E-BD92-25F68B4B5816}.Release|x64.Build.0 = Release|Any CPU
		{21602D3A-C8CC-486E-BD92-25F68B4B5816}.Release|x86.ActiveCfg = Release|Any CPU
		{21602D3A-C8CC-486E-BD92-25F68B4B5816}.Release|x86.Build.0 = Release|Any CPU
		{9062AD90-253D-45EB-A28D-4307179063FB}.Debug|Any CPU.ActiveCfg = Debug|Any CPU
		{9062AD90-253D-45EB-A28D-4307179063FB}.Debug|Any CPU.Build.0 = Debug|Any CPU
		{9062AD90-253D-45EB-A28D-4307179063FB}.Debug|x64.ActiveCfg = Debug|Any CPU
		{9062AD90-253D-45EB-A28D-4307179063FB}.Debug|x64.Build.0 = Debug|Any CPU
		{9062AD90-253D-45EB-A28D-4307179063FB}.Debug|x86.ActiveCfg = Debug|Any CPU
		{9062AD90-253D-45EB-A28D-4307179063FB}.Debug|x86.Build.0 = Debug|Any CPU
		{9062AD90-253D-45EB-A28D-4307179063FB}.Release|Any CPU.ActiveCfg = Release|Any CPU
		{9062AD90-253D-45EB-A28D-4307179063FB}.Release|Any CPU.Build.0 = Release|Any CPU
		{9062AD90-253D-45EB-A28D-4307179063FB}.Release|x64.ActiveCfg = Release|Any CPU
		{9062AD90-253D-45EB-A28D-4307179063FB}.Release|x64.Build.0 = Release|Any CPU
		{9062AD90-253D-45EB-A28D-4307179063FB}.Release|x86.ActiveCfg = Release|Any CPU
		{9062AD90-253D-45EB-A28D-4307179063FB}.Release|x86.Build.0 = Release|Any CPU
		{280291B1-01B1-4C70-9DB0-A8AB0EB5E967}.Debug|Any CPU.ActiveCfg = Debug|Any CPU
		{280291B1-01B1-4C70-9DB0-A8AB0EB5E967}.Debug|Any CPU.Build.0 = Debug|Any CPU
		{280291B1-01B1-4C70-9DB0-A8AB0EB5E967}.Debug|x64.ActiveCfg = Debug|Any CPU
		{280291B1-01B1-4C70-9DB0-A8AB0EB5E967}.Debug|x64.Build.0 = Debug|Any CPU
		{280291B1-01B1-4C70-9DB0-A8AB0EB5E967}.Debug|x86.ActiveCfg = Debug|Any CPU
		{280291B1-01B1-4C70-9DB0-A8AB0EB5E967}.Debug|x86.Build.0 = Debug|Any CPU
		{280291B1-01B1-4C70-9DB0-A8AB0EB5E967}.Release|Any CPU.ActiveCfg = Release|Any CPU
		{280291B1-01B1-4C70-9DB0-A8AB0EB5E967}.Release|Any CPU.Build.0 = Release|Any CPU
		{280291B1-01B1-4C70-9DB0-A8AB0EB5E967}.Release|x64.ActiveCfg = Release|Any CPU
		{280291B1-01B1-4C70-9DB0-A8AB0EB5E967}.Release|x64.Build.0 = Release|Any CPU
		{280291B1-01B1-4C70-9DB0-A8AB0EB5E967}.Release|x86.ActiveCfg = Release|Any CPU
		{280291B1-01B1-4C70-9DB0-A8AB0EB5E967}.Release|x86.Build.0 = Release|Any CPU
	EndGlobalSection
	GlobalSection(SolutionProperties) = preSolution
		HideSolutionNode = FALSE
	EndGlobalSection
	GlobalSection(NestedProjects) = preSolution
		{DE1E46DF-2501-4EE7-AA1B-18D390B5B452} = {827E0CD3-B72D-47B6-A68D-7590B98EB39B}
		{5CD55195-D28C-481E-A7F4-1B8F051AAA0D} = {827E0CD3-B72D-47B6-A68D-7590B98EB39B}
		{EBFD2C82-FB1F-4E25-BCEE-7919129B2B49} = {827E0CD3-B72D-47B6-A68D-7590B98EB39B}
		{757DC3D8-0A71-41EC-8693-78A5F73F8D5C} = {827E0CD3-B72D-47B6-A68D-7590B98EB39B}
		{FFCE7D14-B5B9-4A7A-98E4-BBDB8321F37A} = {827E0CD3-B72D-47B6-A68D-7590B98EB39B}
		{21602D3A-C8CC-486E-BD92-25F68B4B5816} = {827E0CD3-B72D-47B6-A68D-7590B98EB39B}
		{9062AD90-253D-45EB-A28D-4307179063FB} = {827E0CD3-B72D-47B6-A68D-7590B98EB39B}
		{280291B1-01B1-4C70-9DB0-A8AB0EB5E967} = {827E0CD3-B72D-47B6-A68D-7590B98EB39B}
	EndGlobalSection
EndGlobal
